// !$*UTF8*$!
{
	archiveVersion = 1;
	classes = {
	};
	objectVersion = 77;
	objects = {

/* Begin PBXContainerItemProxy section */
		BB190D382DDF5F5C009D7F0E /* PBXContainerItemProxy */ = {
			isa = PBXContainerItemProxy;
			containerPortal = BB190CF42DDF5792009D7F0E /* Project object */;
			proxyType = 1;
			remoteGlobalIDString = BB190CFB2DDF5792009D7F0E;
			remoteInfo = appuninstall;
		};
/* End PBXContainerItemProxy section */

/* Begin PBXFileReference section */
		BB190CFC2DDF5792009D7F0E /* appuninstall.app */ = {isa = PBXFileReference; explicitFileType = wrapper.application; includeInIndex = 0; path = appuninstall.app; sourceTree = BUILT_PRODUCTS_DIR; };
		BB190D342DDF5F5C009D7F0E /* AppJanitorTests.xctest */ = {isa = PBXFileReference; explicitFileType = wrapper.cfbundle; includeInIndex = 0; path = AppJanitorTests.xctest; sourceTree = BUILT_PRODUCTS_DIR; };
/* End PBXFileReference section */

/* Begin PBXFileSystemSynchronizedBuildFileExceptionSet section */
		BB190D0D2DDF57B1009D7F0E /* Exceptions for "appuninstall" folder in "appuninstall" target */ = {
			isa = PBXFileSystemSynchronizedBuildFileExceptionSet;
			membershipExceptions = (
				Utils/Utils.swift,
			);
			target = BB190CFB2DDF5792009D7F0E /* appuninstall */;
		};
/* End PBXFileSystemSynchronizedBuildFileExceptionSet section */

/* Begin PBXFileSystemSynchronizedGroupBuildPhaseMembershipExceptionSet section */
		BB190D0E2DDF57B1009D7F0E /* Exceptions for "appuninstall" folder in "Copy Bundle Resources" phase from "appuninstall" target */ = {
			isa = PBXFileSystemSynchronizedGroupBuildPhaseMembershipExceptionSet;
			buildPhase = BB190CFA2DDF5792009D7F0E /* Resources */;
			membershipExceptions = (
				Utils/Utils.swift,
			);
		};
/* End PBXFileSystemSynchronizedGroupBuildPhaseMembershipExceptionSet section */

/* Begin PBXFileSystemSynchronizedRootGroup section */
		BB190CFE2DDF5792009D7F0E /* appuninstall */ = {
			isa = PBXFileSystemSynchronizedRootGroup;
			exceptions = (
				BB190D0D2DDF57B1009D7F0E /* Exceptions for "appuninstall" folder in "appuninstall" target */,
				BB190D0E2DDF57B1009D7F0E /* Exceptions for "appuninstall" folder in "Copy Bundle Resources" phase from "appuninstall" target */,
			);
			path = appuninstall;
			sourceTree = "<group>";
		};
		BB190D352DDF5F5C009D7F0E /* AppJanitorTests */ = {
			isa = PBXFileSystemSynchronizedRootGroup;
			path = AppJanitorTests;
			sourceTree = "<group>";
		};
/* End PBXFileSystemSynchronizedRootGroup section */

/* Begin PBXFrameworksBuildPhase section */
		BB190CF92DDF5792009D7F0E /* Frameworks */ = {
			isa = PBXFrameworksBuildPhase;
			buildActionMask = 2147483647;
			files = (
			);
			runOnlyForDeploymentPostprocessing = 0;
		};
		BB190D312DDF5F5C009D7F0E /* Frameworks */ = {
			isa = PBXFrameworksBuildPhase;
			buildActionMask = 2147483647;
			files = (
			);
			runOnlyForDeploymentPostprocessing = 0;
		};
/* End PBXFrameworksBuildPhase section */

/* Begin PBXGroup section */
		BB190CF32DDF5792009D7F0E = {
			isa = PBXGroup;
			children = (
				BB190CFE2DDF5792009D7F0E /* appuninstall */,
				BB190D352DDF5F5C009D7F0E /* AppJanitorTests */,
				BB190CFD2DDF5792009D7F0E /* Products */,
			);
			sourceTree = "<group>";
		};
		BB190CFD2DDF5792009D7F0E /* Products */ = {
			isa = PBXGroup;
			children = (
				BB190CFC2DDF5792009D7F0E /* appuninstall.app */,
				BB190D342DDF5F5C009D7F0E /* AppJanitorTests.xctest */,
			);
			name = Products;
			sourceTree = "<group>";
		};
/* End PBXGroup section */

/* Begin PBXNativeTarget section */
		BB190CFB2DDF5792009D7F0E /* appuninstall */ = {
			isa = PBXNativeTarget;
			buildConfigurationList = BB190D082DDF5793009D7F0E /* Build configuration list for PBXNativeTarget "appuninstall" */;
			buildPhases = (
				BB190CF82DDF5792009D7F0E /* Sources */,
				BB190CF92DDF5792009D7F0E /* Frameworks */,
				BB190CFA2DDF5792009D7F0E /* Resources */,
			);
			buildRules = (
			);
			dependencies = (
			);
			fileSystemSynchronizedGroups = (
				BB190CFE2DDF5792009D7F0E /* appuninstall */,
			);
			name = appuninstall;
			packageProductDependencies = (
			);
			productName = appuninstall;
			productReference = BB190CFC2DDF5792009D7F0E /* appuninstall.app */;
			productType = "com.apple.product-type.application";
		};
		BB190D332DDF5F5C009D7F0E /* AppJanitorTests */ = {
			isa = PBXNativeTarget;
			buildConfigurationList = BB190D3A2DDF5F5C009D7F0E /* Build configuration list for PBXNativeTarget "AppJanitorTests" */;
			buildPhases = (
				BB190D302DDF5F5C009D7F0E /* Sources */,
				BB190D312DDF5F5C009D7F0E /* Frameworks */,
				BB190D322DDF5F5C009D7F0E /* Resources */,
			);
			buildRules = (
			);
			dependencies = (
				BB190D392DDF5F5C009D7F0E /* PBXTargetDependency */,
			);
			fileSystemSynchronizedGroups = (
				BB190D352DDF5F5C009D7F0E /* AppJanitorTests */,
			);
			name = AppJanitorTests;
			packageProductDependencies = (
			);
			productName = AppJanitorTests;
			productReference = BB190D342DDF5F5C009D7F0E /* AppJanitorTests.xctest */;
			productType = "com.apple.product-type.bundle.unit-test";
		};
/* End PBXNativeTarget section */

/* Begin PBXProject section */
		BB190CF42DDF5792009D7F0E /* Project object */ = {
			isa = PBXProject;
			attributes = {
				BuildIndependentTargetsInParallel = 1;
				LastSwiftUpdateCheck = 1630;
				LastUpgradeCheck = 1630;
				TargetAttributes = {
					BB190CFB2DDF5792009D7F0E = {
						CreatedOnToolsVersion = 16.3;
					};
					BB190D332DDF5F5C009D7F0E = {
						CreatedOnToolsVersion = 16.3;
						TestTargetID = BB190CFB2DDF5792009D7F0E;
					};
				};
			};
			buildConfigurationList = BB190CF72DDF5792009D7F0E /* Build configuration list for PBXProject "appuninstall" */;
			developmentRegion = en;
			hasScannedForEncodings = 0;
			knownRegions = (
				en,
				Base,
			);
			mainGroup = BB190CF32DDF5792009D7F0E;
			minimizedProjectReferenceProxies = 1;
			preferredProjectObjectVersion = 77;
			productRefGroup = BB190CFD2DDF5792009D7F0E /* Products */;
			projectDirPath = "";
			projectRoot = "";
			targets = (
				BB190CFB2DDF5792009D7F0E /* appuninstall */,
				BB190D332DDF5F5C009D7F0E /* AppJanitorTests */,
			);
		};
/* End PBXProject section */

/* Begin PBXResourcesBuildPhase section */
		BB190CFA2DDF5792009D7F0E /* Resources */ = {
			isa = PBXResourcesBuildPhase;
			buildActionMask = 2147483647;
			files = (
			);
			runOnlyForDeploymentPostprocessing = 0;
		};
		BB190D322DDF5F5C009D7F0E /* Resources */ = {
			isa = PBXResourcesBuildPhase;
			buildActionMask = 2147483647;
			files = (
			);
			runOnlyForDeploymentPostprocessing = 0;
		};
/* End PBXResourcesBuildPhase section */

/* Begin PBXSourcesBuildPhase section */
		BB190CF82DDF5792009D7F0E /* Sources */ = {
			isa = PBXSourcesBuildPhase;
			buildActionMask = 2147483647;
			files = (
			);
			runOnlyForDeploymentPostprocessing = 0;
		};
		BB190D302DDF5F5C009D7F0E /* Sources */ = {
			isa = PBXSourcesBuildPhase;
			buildActionMask = 2147483647;
			files = (
			);
			runOnlyForDeploymentPostprocessing = 0;
		};
/* End PBXSourcesBuildPhase section */

/* Begin PBXTargetDependency section */
		BB190D392DDF5F5C009D7F0E /* PBXTargetDependency */ = {
			isa = PBXTargetDependency;
			target = BB190CFB2DDF5792009D7F0E /* appuninstall */;
			targetProxy = BB190D382DDF5F5C009D7F0E /* PBXContainerItemProxy */;
		};
/* End PBXTargetDependency section */

/* Begin XCBuildConfiguration section */
		BB190D062DDF5793009D7F0E /* Debug */ = {
			isa = XCBuildConfiguration;
			buildSettings = {
				ALWAYS_SEARCH_USER_PATHS = NO;
				ASSETCATALOG_COMPILER_GENERATE_SWIFT_ASSET_SYMBOL_EXTENSIONS = YES;
				CLANG_ANALYZER_NONNULL = YES;
				CLANG_ANALYZER_NUMBER_OBJECT_CONVERSION = YES_AGGRESSIVE;
				CLANG_CXX_LANGUAGE_STANDARD = "gnu++20";
				CLANG_ENABLE_MODULES = YES;
				CLANG_ENABLE_OBJC_ARC = YES;
				CLANG_ENABLE_OBJC_WEAK = YES;
				CLANG_WARN_BLOCK_CAPTURE_AUTORELEASING = YES;
				CLANG_WARN_BOOL_CONVERSION = YES;
				CLANG_WARN_COMMA = YES;
				CLANG_WARN_CONSTANT_CONVERSION = YES;
				CLANG_WARN_DEPRECATED_OBJC_IMPLEMENTATIONS = YES;
				CLANG_WARN_DIRECT_OBJC_ISA_USAGE = YES_ERROR;
				CLANG_WARN_DOCUMENTATION_COMMENTS = YES;
				CLANG_WARN_EMPTY_BODY = YES;
				CLANG_WARN_ENUM_CONVERSION = YES;
				CLANG_WARN_INFINITE_RECURSION = YES;
				CLANG_WARN_INT_CONVERSION = YES;
				CLANG_WARN_NON_LITERAL_NULL_CONVERSION = YES;
				CLANG_WARN_OBJC_IMPLICIT_RETAIN_SELF = YES;
				CLANG_WARN_OBJC_LITERAL_CONVERSION = YES;
				CLANG_WARN_OBJC_ROOT_CLASS = YES_ERROR;
				CLANG_WARN_QUOTED_INCLUDE_IN_FRAMEWORK_HEADER = YES;
				CLANG_WARN_RANGE_LOOP_ANALYSIS = YES;
				CLANG_WARN_STRICT_PROTOTYPES = YES;
				CLANG_WARN_SUSPICIOUS_MOVE = YES;
				CLANG_WARN_UNGUARDED_AVAILABILITY = YES_AGGRESSIVE;
				CLANG_WARN_UNREACHABLE_CODE = YES;
				CLANG_WARN__DUPLICATE_METHOD_MATCH = YES;
				COPY_PHASE_STRIP = NO;
				DEBUG_INFORMATION_FORMAT = dwarf;
				ENABLE_STRICT_OBJC_MSGSEND = YES;
				ENABLE_TESTABILITY = YES;
				ENABLE_USER_SCRIPT_SANDBOXING = YES;
				GCC_C_LANGUAGE_STANDARD = gnu17;
				GCC_DYNAMIC_NO_PIC = NO;
				GCC_NO_COMMON_BLOCKS = YES;
				GCC_OPTIMIZATION_LEVEL = 0;
				GCC_PREPROCESSOR_DEFINITIONS = (
					"DEBUG=1",
					"$(inherited)",
				);
				GCC_WARN_64_TO_32_BIT_CONVERSION = YES;
				GCC_WARN_ABOUT_RETURN_TYPE = YES_ERROR;
				GCC_WARN_UNDECLARED_SELECTOR = YES;
				GCC_WARN_UNINITIALIZED_AUTOS = YES_AGGRESSIVE;
				GCC_WARN_UNUSED_FUNCTION = YES;
				GCC_WARN_UNUSED_VARIABLE = YES;
				LOCALIZATION_PREFERS_STRING_CATALOGS = YES;
				MACOSX_DEPLOYMENT_TARGET = 15.3;
				MTL_ENABLE_DEBUG_INFO = INCLUDE_SOURCE;
				MTL_FAST_MATH = YES;
				ONLY_ACTIVE_ARCH = YES;
				SDKROOT = macosx;
				SWIFT_ACTIVE_COMPILATION_CONDITIONS = "DEBUG $(inherited)";
				SWIFT_OPTIMIZATION_LEVEL = "-Onone";
			};
			name = Debug;
		};
		BB190D072DDF5793009D7F0E /* Release */ = {
			isa = XCBuildConfiguration;
			buildSettings = {
				ALWAYS_SEARCH_USER_PATHS = NO;
				ASSETCATALOG_COMPILER_GENERATE_SWIFT_ASSET_SYMBOL_EXTENSIONS = YES;
				CLANG_ANALYZER_NONNULL = YES;
				CLANG_ANALYZER_NUMBER_OBJECT_CONVERSION = YES_AGGRESSIVE;
				CLANG_CXX_LANGUAGE_STANDARD = "gnu++20";
				CLANG_ENABLE_MODULES = YES;
				CLANG_ENABLE_OBJC_ARC = YES;
				CLANG_ENABLE_OBJC_WEAK = YES;
				CLANG_WARN_BLOCK_CAPTURE_AUTORELEASING = YES;
				CLANG_WARN_BOOL_CONVERSION = YES;
				CLANG_WARN_COMMA = YES;
				CLANG_WARN_CONSTANT_CONVERSION = YES;
				CLANG_WARN_DEPRECATED_OBJC_IMPLEMENTATIONS = YES;
				CLANG_WARN_DIRECT_OBJC_ISA_USAGE = YES_ERROR;
				CLANG_WARN_DOCUMENTATION_COMMENTS = YES;
				CLANG_WARN_EMPTY_BODY = YES;
				CLANG_WARN_ENUM_CONVERSION = YES;
				CLANG_WARN_INFINITE_RECURSION = YES;
				CLANG_WARN_INT_CONVERSION = YES;
				CLANG_WARN_NON_LITERAL_NULL_CONVERSION = YES;
				CLANG_WARN_OBJC_IMPLICIT_RETAIN_SELF = YES;
				CLANG_WARN_OBJC_LITERAL_CONVERSION = YES;
				CLANG_WARN_OBJC_ROOT_CLASS = YES_ERROR;
				CLANG_WARN_QUOTED_INCLUDE_IN_FRAMEWORK_HEADER = YES;
				CLANG_WARN_RANGE_LOOP_ANALYSIS = YES;
				CLANG_WARN_STRICT_PROTOTYPES = YES;
				CLANG_WARN_SUSPICIOUS_MOVE = YES;
				CLANG_WARN_UNGUARDED_AVAILABILITY = YES_AGGRESSIVE;
				CLANG_WARN_UNREACHABLE_CODE = YES;
				CLANG_WARN__DUPLICATE_METHOD_MATCH = YES;
				COPY_PHASE_STRIP = NO;
				DEBUG_INFORMATION_FORMAT = "dwarf-with-dsym";
				ENABLE_NS_ASSERTIONS = NO;
				ENABLE_STRICT_OBJC_MSGSEND = YES;
				ENABLE_USER_SCRIPT_SANDBOXING = YES;
				GCC_C_LANGUAGE_STANDARD = gnu17;
				GCC_NO_COMMON_BLOCKS = YES;
				GCC_WARN_64_TO_32_BIT_CONVERSION = YES;
				GCC_WARN_ABOUT_RETURN_TYPE = YES_ERROR;
				GCC_WARN_UNDECLARED_SELECTOR = YES;
				GCC_WARN_UNINITIALIZED_AUTOS = YES_AGGRESSIVE;
				GCC_WARN_UNUSED_FUNCTION = YES;
				GCC_WARN_UNUSED_VARIABLE = YES;
				LOCALIZATION_PREFERS_STRING_CATALOGS = YES;
				MACOSX_DEPLOYMENT_TARGET = 15.3;
				MTL_ENABLE_DEBUG_INFO = NO;
				MTL_FAST_MATH = YES;
				SDKROOT = macosx;
				SWIFT_COMPILATION_MODE = wholemodule;
			};
			name = Release;
		};
		BB190D092DDF5793009D7F0E /* Debug */ = {
			isa = XCBuildConfiguration;
			buildSettings = {
				ASSETCATALOG_COMPILER_APPICON_NAME = AppIcon;
				ASSETCATALOG_COMPILER_GLOBAL_ACCENT_COLOR_NAME = AccentColor;
				CODE_SIGN_ENTITLEMENTS = appuninstall/appuninstall.entitlements;
				CODE_SIGN_STYLE = Automatic;
				COMBINE_HIDPI_IMAGES = YES;
				CURRENT_PROJECT_VERSION = 1;
				ENABLE_PREVIEWS = YES;
				GENERATE_INFOPLIST_FILE = YES;
				INFOPLIST_KEY_NSHumanReadableCopyright = "";
				LD_RUNPATH_SEARCH_PATHS = (
					"$(inherited)",
					"@executable_path/../Frameworks",
				);
				MARKETING_VERSION = 1.0;
				PRODUCT_BUNDLE_IDENTIFIER = bohaska.appuninstall;
				PRODUCT_NAME = "$(TARGET_NAME)";
				REGISTER_APP_GROUPS = YES;
				SWIFT_EMIT_LOC_STRINGS = YES;
				SWIFT_VERSION = 5.0;
			};
			name = Debug;
		};
		BB190D0A2DDF5793009D7F0E /* Release */ = {
			isa = XCBuildConfiguration;
			buildSettings = {
				ASSETCATALOG_COMPILER_APPICON_NAME = AppIcon;
				ASSETCATALOG_COMPILER_GLOBAL_ACCENT_COLOR_NAME = AccentColor;
				CODE_SIGN_ENTITLEMENTS = appuninstall/appuninstall.entitlements;
				CODE_SIGN_STYLE = Automatic;
				COMBINE_HIDPI_IMAGES = YES;
				CURRENT_PROJECT_VERSION = 1;
				ENABLE_PREVIEWS = YES;
				GENERATE_INFOPLIST_FILE = YES;
				INFOPLIST_KEY_NSHumanReadableCopyright = "";
				LD_RUNPATH_SEARCH_PATHS = (
					"$(inherited)",
					"@executable_path/../Frameworks",
				);
				MARKETING_VERSION = 1.0;
				PRODUCT_BUNDLE_IDENTIFIER = bohaska.appuninstall;
				PRODUCT_NAME = "$(TARGET_NAME)";
				REGISTER_APP_GROUPS = YES;
				SWIFT_EMIT_LOC_STRINGS = YES;
				SWIFT_VERSION = 5.0;
			};
			name = Release;
		};
		BB190D3B2DDF5F5C009D7F0E /* Debug */ = {
			isa = XCBuildConfiguration;
			buildSettings = {
				BUNDLE_LOADER = "$(TEST_HOST)";
				CODE_SIGN_STYLE = Automatic;
				CURRENT_PROJECT_VERSION = 1;
				GENERATE_INFOPLIST_FILE = YES;
				MARKETING_VERSION = 1.0;
				PRODUCT_BUNDLE_IDENTIFIER = bohaska.AppJanitorTests;
				PRODUCT_NAME = "$(TARGET_NAME)";
				SWIFT_EMIT_LOC_STRINGS = NO;
				SWIFT_VERSION = 5.0;
				TEST_HOST = "$(BUILT_PRODUCTS_DIR)/appuninstall.app/$(BUNDLE_EXECUTABLE_FOLDER_PATH)/appuninstall";
			};
			name = Debug;
		};
		BB190D3C2DDF5F5C009D7F0E /* Release */ = {
			isa = XCBuildConfiguration;
			buildSettings = {
				BUNDLE_LOADER = "$(TEST_HOST)";
				CODE_SIGN_STYLE = Automatic;
				CURRENT_PROJECT_VERSION = 1;
				GENERATE_INFOPLIST_FILE = YES;
				MARKETING_VERSION = 1.0;
				PRODUCT_BUNDLE_IDENTIFIER = bohaska.AppJanitorTests;
				PRODUCT_NAME = "$(TARGET_NAME)";
				SWIFT_EMIT_LOC_STRINGS = NO;
				SWIFT_VERSION = 5.0;
				TEST_HOST = "$(BUILT_PRODUCTS_DIR)/appuninstall.app/$(BUNDLE_EXECUTABLE_FOLDER_PATH)/appuninstall";
			};
			name = Release;
		};
/* End XCBuildConfiguration section */

/* Begin XCConfigurationList section */
		BB190CF72DDF5792009D7F0E /* Build configuration list for PBXProject "appuninstall" */ = {
			isa = XCConfigurationList;
			buildConfigurations = (
				BB190D062DDF5793009D7F0E /* Debug */,
				BB190D072DDF5793009D7F0E /* Release */,
			);
			defaultConfigurationIsVisible = 0;
			defaultConfigurationName = Release;
		};
		BB190D082DDF5793009D7F0E /* Build configuration list for PBXNativeTarget "appuninstall" */ = {
			isa = XCConfigurationList;
			buildConfigurations = (
				BB190D092DDF5793009D7F0E /* Debug */,
				BB190D0A2DDF5793009D7F0E /* Release */,
			);
			defaultConfigurationIsVisible = 0;
			defaultConfigurationName = Release;
		};
		BB190D3A2DDF5F5C009D7F0E /* Build configuration list for PBXNativeTarget "AppJanitorTests" */ = {
			isa = XCConfigurationList;
			buildConfigurations = (
				BB190D3B2DDF5F5C009D7F0E /* Debug */,
				BB190D3C2DDF5F5C009D7F0E /* Release */,
			);
			defaultConfigurationIsVisible = 0;
			defaultConfigurationName = Release;
		};
/* End XCConfigurationList section */
	};
	rootObject = BB190CF42DDF5792009D7F0E /* Project object */;
}
